
Microsoft Visual Studio Solution File, Format Version 12.00
# Visual Studio Version 16
VisualStudioVersion = 16.0.30011.22
MinimumVisualStudioVersion = 10.0.40219.1
Project("{FAE04EC0-301F-11D3-BF4B-00C04F79EFBC}") = "SalesWebMvc", "SalesWebMvc\SalesWebMvc.csproj", "{555CF985-B0F5-45BB-BB46-12242A5A8E37}"
EndProject
Global
	GlobalSection(SolutionConfigurationPlatforms) = preSolution
		Debug|Any CPU = Debug|Any CPU
		Release|Any CPU = Release|Any CPU
	EndGlobalSection
	GlobalSection(ProjectConfigurationPlatforms) = postSolution
		{555CF985-B0F5-45BB-BB46-12242A5A8E37}.Debug|Any CPU.ActiveCfg = Debug|Any CPU
		{555CF985-B0F5-45BB-BB46-12242A5A8E37}.Debug|Any CPU.Build.0 = Debug|Any CPU
		{555CF985-B0F5-45BB-BB46-12242A5A8E37}.Release|Any CPU.ActiveCfg = Release|Any CPU
		{555CF985-B0F5-45BB-BB46-12242A5A8E37}.Release|Any CPU.Build.0 = Release|Any CPU
	EndGlobalSection
	GlobalSection(SolutionProperties) = preSolution
		HideSolutionNode = FALSE
	EndGlobalSection
	GlobalSection(ExtensibilityGlobals) = postSolution
		SolutionGuid = {A637D565-E213-49A1-9E5C-9ACB7BB3219E}
	EndGlobalSection
EndGlobal
